{
  "name": "@qdmy/SlLoading",
  "version": "1.0.0",
  "lockfileVersion": 1,
  "requires": true,
  "dependencies": {
    "@types/echarts": {
      "version": "4.9.10",
      "resolved": "http://registry.m.jd.com/@types/echarts/download/@types/echarts-4.9.10.tgz",
      "integrity": "sha1-o91Zj7s7NueX8853G+P6jcGKfaY=",
      "requires": {
        "@types/zrender": "*"
      }
    },
    "@types/zrender": {
      "version": "4.0.1",
      "resolved": "http://registry.m.jd.com/@types/zrender/download/@types/zrender-4.0.1.tgz",
      "integrity": "sha1-YoDEAgeSfOCGviS0OR1mjNMw6VY="
    },
    "echarts": {
      "version": "4.9.0",
      "resolved": "http://registry.m.jd.com/echarts/download/echarts-4.9.0.tgz",
      "integrity": "sha1-qbm6oD8Doqcx5jQMVb77V6nhNH0=",
      "requires": {
        "zrender": "4.3.2"
      }
    },
    "vue": {
      "version": "2.6.14",
      "resolved": "http://registry.m.jd.com/vue/download/vue-2.6.14.tgz",
      "integrity": "sha1-5RqlJQJQ1Wmj+606ilpofWA24jU="
    },
    "zrender": {
      "version": "4.3.2",
      "resolved": "http://registry.m.jd.com/zrender/download/zrender-4.3.2.tgz",
      "integrity": "sha1-7HQy+UFcgsc1hLa3uMR+GwFiCcY="
    }
  }
}
